
Microsoft Visual Studio Solution File, Format Version 12.00
# Visual Studio Version 16
VisualStudioVersion = 16.0.30611.23
MinimumVisualStudioVersion = 10.0.40219.1
Project("{FAE04EC0-301F-11D3-BF4B-00C04F79EFBC}") = "kSlovnik", "kSlovnik\kSlovnik.csproj", "{8000E0EE-BE2F-49EE-A0B7-BCABC8BA3ED5}"
EndProject
Global
	GlobalSection(SolutionConfigurationPlatforms) = preSolution
		Debug|Any CPU = Debug|Any CPU
		Release|Any CPU = Release|Any CPU
	EndGlobalSection
	GlobalSection(ProjectConfigurationPlatforms) = postSolution
		{8000E0EE-BE2F-49EE-A0B7-BCABC8BA3ED5}.Debug|Any CPU.ActiveCfg = Debug|Any CPU
		{8000E0EE-BE2F-49EE-A0B7-BCABC8BA3ED5}.Debug|Any CPU.Build.0 = Debug|Any CPU
		{8000E0EE-BE2F-49EE-A0B7-BCABC8BA3ED5}.Release|Any CPU.ActiveCfg = Release|Any CPU
		{8000E0EE-BE2F-49EE-A0B7-BCABC8BA3ED5}.Release|Any CPU.Build.0 = Release|Any CPU
	EndGlobalSection
	GlobalSection(SolutionProperties) = preSolution
		HideSolutionNode = FALSE
	EndGlobalSection
	GlobalSection(ExtensibilityGlobals) = postSolution
		SolutionGuid = {438FDC3C-554A-4146-B496-D72423E99E0F}
	EndGlobalSection
EndGlobal
